
Microsoft Visual Studio Solution File, Format Version 12.00
# Visual Studio 15
VisualStudioVersion = 15.0.27130.2027
MinimumVisualStudioVersion = 10.0.40219.1
Project("{FAE04EC0-301F-11D3-BF4B-00C04F79EFBC}") = "CameraAccess.Android", "CameraAccess\CameraAccess.Android\CameraAccess.Android.csproj", "{56656199-1438-4EFC-8139-82F864164007}"
EndProject
Project("{FAE04EC0-301F-11D3-BF4B-00C04F79EFBC}") = "CameraAccess.iOS", "CameraAccess\CameraAccess.iOS\CameraAccess.iOS.csproj", "{728AC168-4B24-4E30-8E3B-B9060B4B742B}"
EndProject
Project("{D954291E-2A0B-460D-934E-DC6B0785DB48}") = "CameraAccess", "CameraAccess\CameraAccess\CameraAccess.shproj", "{A125E72B-C83C-495E-A055-8873B61DA06C}"
EndProject
Global
	GlobalSection(SharedMSBuildProjectFiles) = preSolution
		CameraAccess\CameraAccess\CameraAccess.projitems*{56656199-1438-4efc-8139-82f864164007}*SharedItemsImports = 4
		CameraAccess\CameraAccess\CameraAccess.projitems*{728ac168-4b24-4e30-8e3b-b9060b4b742b}*SharedItemsImports = 4
		CameraAccess\CameraAccess\CameraAccess.projitems*{a125e72b-c83c-495e-a055-8873b61da06c}*SharedItemsImports = 13
	EndGlobalSection
	GlobalSection(SolutionConfigurationPlatforms) = preSolution
		Ad-Hoc|Any CPU = Ad-Hoc|Any CPU
		Ad-Hoc|iPhone = Ad-Hoc|iPhone
		Ad-Hoc|iPhoneSimulator = Ad-Hoc|iPhoneSimulator
		AppStore|Any CPU = AppStore|Any CPU
		AppStore|iPhone = AppStore|iPhone
		AppStore|iPhoneSimulator = AppStore|iPhoneSimulator
		Debug|Any CPU = Debug|Any CPU
		Debug|iPhone = Debug|iPhone
		Debug|iPhoneSimulator = Debug|iPhoneSimulator
		Release|Any CPU = Release|Any CPU
		Release|iPhone = Release|iPhone
		Release|iPhoneSimulator = Release|iPhoneSimulator
	EndGlobalSection
	GlobalSection(ProjectConfigurationPlatforms) = postSolution
		{56656199-1438-4EFC-8139-82F864164007}.Ad-Hoc|Any CPU.ActiveCfg = Release|Any CPU
		{56656199-1438-4EFC-8139-82F864164007}.Ad-Hoc|Any CPU.Build.0 = Release|Any CPU
		{56656199-1438-4EFC-8139-82F864164007}.Ad-Hoc|Any CPU.Deploy.0 = Release|Any CPU
		{56656199-1438-4EFC-8139-82F864164007}.Ad-Hoc|iPhone.ActiveCfg = Release|Any CPU
		{56656199-1438-4EFC-8139-82F864164007}.Ad-Hoc|iPhone.Build.0 = Release|Any CPU
		{56656199-1438-4EFC-8139-82F864164007}.Ad-Hoc|iPhone.Deploy.0 = Release|Any CPU
		{56656199-1438-4EFC-8139-82F864164007}.Ad-Hoc|iPhoneSimulator.ActiveCfg = Release|Any CPU
		{56656199-1438-4EFC-8139-82F864164007}.Ad-Hoc|iPhoneSimulator.Build.0 = Release|Any CPU
		{56656199-1438-4EFC-8139-82F864164007}.Ad-Hoc|iPhoneSimulator.Deploy.0 = Release|Any CPU
		{56656199-1438-4EFC-8139-82F864164007}.AppStore|Any CPU.ActiveCfg = Release|Any CPU
		{56656199-1438-4EFC-8139-82F864164007}.AppStore|Any CPU.Build.0 = Release|Any CPU
		{56656199-1438-4EFC-8139-82F864164007}.AppStore|Any CPU.Deploy.0 = Release|Any CPU
		{56656199-1438-4EFC-8139-82F864164007}.AppStore|iPhone.ActiveCfg = Release|Any CPU
		{56656199-1438-4EFC-8139-82F864164007}.AppStore|iPhone.Build.0 = Release|Any CPU
		{56656199-1438-4EFC-8139-82F864164007}.AppStore|iPhone.Deploy.0 = Release|Any CPU
		{56656199-1438-4EFC-8139-82F864164007}.AppStore|iPhoneSimulator.ActiveCfg = Release|Any CPU
		{56656199-1438-4EFC-8139-82F864164007}.AppStore|iPhoneSimulator.Build.0 = Release|Any CPU
		{56656199-1438-4EFC-8139-82F864164007}.AppStore|iPhoneSimulator.Deploy.0 = Release|Any CPU
		{56656199-1438-4EFC-8139-82F864164007}.Debug|Any CPU.ActiveCfg = Debug|Any CPU
		{56656199-1438-4EFC-8139-82F864164007}.Debug|Any CPU.Build.0 = Debug|Any CPU
		{56656199-1438-4EFC-8139-82F864164007}.Debug|Any CPU.Deploy.0 = Debug|Any CPU
		{56656199-1438-4EFC-8139-82F864164007}.Debug|iPhone.ActiveCfg = Debug|Any CPU
		{56656199-1438-4EFC-8139-82F864164007}.Debug|iPhone.Build.0 = Debug|Any CPU
		{56656199-1438-4EFC-8139-82F864164007}.Debug|iPhone.Deploy.0 = Debug|Any CPU
		{56656199-1438-4EFC-8139-82F864164007}.Debug|iPhoneSimulator.ActiveCfg = Debug|Any CPU
		{56656199-1438-4EFC-8139-82F864164007}.Debug|iPhoneSimulator.Build.0 = Debug|Any CPU
		{56656199-1438-4EFC-8139-82F864164007}.Debug|iPhoneSimulator.Deploy.0 = Debug|Any CPU
		{56656199-1438-4EFC-8139-82F864164007}.Release|Any CPU.ActiveCfg = Release|Any CPU
		{56656199-1438-4EFC-8139-82F864164007}.Release|Any CPU.Build.0 = Release|Any CPU
		{56656199-1438-4EFC-8139-82F864164007}.Release|Any CPU.Deploy.0 = Release|Any CPU
		{56656199-1438-4EFC-8139-82F864164007}.Release|iPhone.ActiveCfg = Release|Any CPU
		{56656199-1438-4EFC-8139-82F864164007}.Release|iPhone.Build.0 = Release|Any CPU
		{56656199-1438-4EFC-8139-82F864164007}.Release|iPhone.Deploy.0 = Release|Any CPU
		{56656199-1438-4EFC-8139-82F864164007}.Release|iPhoneSimulator.ActiveCfg = Release|Any CPU
		{56656199-1438-4EFC-8139-82F864164007}.Release|iPhoneSimulator.Build.0 = Release|Any CPU
		{56656199-1438-4EFC-8139-82F864164007}.Release|iPhoneSimulator.Deploy.0 = Release|Any CPU
		{728AC168-4B24-4E30-8E3B-B9060B4B742B}.Ad-Hoc|Any CPU.ActiveCfg = Ad-Hoc|iPhone
		{728AC168-4B24-4E30-8E3B-B9060B4B742B}.Ad-Hoc|iPhone.ActiveCfg = Ad-Hoc|iPhone
		{728AC168-4B24-4E30-8E3B-B9060B4B742B}.Ad-Hoc|iPhone.Build.0 = Ad-Hoc|iPhone
		{728AC168-4B24-4E30-8E3B-B9060B4B742B}.Ad-Hoc|iPhoneSimulator.ActiveCfg = Ad-Hoc|iPhoneSimulator
		{728AC168-4B24-4E30-8E3B-B9060B4B742B}.Ad-Hoc|iPhoneSimulator.Build.0 = Ad-Hoc|iPhoneSimulator
		{728AC168-4B24-4E30-8E3B-B9060B4B742B}.AppStore|Any CPU.ActiveCfg = AppStore|iPhone
		{728AC168-4B24-4E30-8E3B-B9060B4B742B}.AppStore|iPhone.ActiveCfg = AppStore|iPhone
		{728AC168-4B24-4E30-8E3B-B9060B4B742B}.AppStore|iPhone.Build.0 = AppStore|iPhone
		{728AC168-4B24-4E30-8E3B-B9060B4B742B}.AppStore|iPhoneSimulator.ActiveCfg = AppStore|iPhoneSimulator
		{728AC168-4B24-4E30-8E3B-B9060B4B742B}.AppStore|iPhoneSimulator.Build.0 = AppStore|iPhoneSimulator
		{728AC168-4B24-4E30-8E3B-B9060B4B742B}.Debug|Any CPU.ActiveCfg = Debug|iPhone
		{728AC168-4B24-4E30-8E3B-B9060B4B742B}.Debug|iPhone.ActiveCfg = Debug|iPhone
		{728AC168-4B24-4E30-8E3B-B9060B4B742B}.Debug|iPhone.Build.0 = Debug|iPhone
		{728AC168-4B24-4E30-8E3B-B9060B4B742B}.Debug|iPhoneSimulator.ActiveCfg = Debug|iPhoneSimulator
		{728AC168-4B24-4E30-8E3B-B9060B4B742B}.Debug|iPhoneSimulator.Build.0 = Debug|iPhoneSimulator
		{728AC168-4B24-4E30-8E3B-B9060B4B742B}.Release|Any CPU.ActiveCfg = Release|iPhone
		{728AC168-4B24-4E30-8E3B-B9060B4B742B}.Release|iPhone.ActiveCfg = Release|iPhone
		{728AC168-4B24-4E30-8E3B-B9060B4B742B}.Release|iPhone.Build.0 = Release|iPhone
		{728AC168-4B24-4E30-8E3B-B9060B4B742B}.Release|iPhoneSimulator.ActiveCfg = Release|iPhoneSimulator
		{728AC168-4B24-4E30-8E3B-B9060B4B742B}.Release|iPhoneSimulator.Build.0 = Release|iPhoneSimulator
	EndGlobalSection
	GlobalSection(SolutionProperties) = preSolution
		HideSolutionNode = FALSE
	EndGlobalSection
	GlobalSection(ExtensibilityGlobals) = postSolution
		SolutionGuid = {BBB2283E-7FDF-4F15-842B-E069FEEA519C}
	EndGlobalSection
EndGlobal
